// !$*UTF8*$!
{
	archiveVersion = 1;
	classes = {
	};
	objectVersion = 77;
	objects = {

/* Begin PBXBuildFile section */
		07BF8FA5C23B28C5BC152837 /* CountryMapper.swift in Sources */ = {isa = PBXBuildFile; fileRef = E03334C36AF633A0776389E3 /* CountryMapper.swift */; };
		07F045EBE050FE0DCFF9FF28 /* CountryDetailView.swift in Sources */ = {isa = PBXBuildFile; fileRef = B25B3934DEFA040176802301 /* CountryDetailView.swift */; };
		10A2BC1154F5583436F8809E /* Geocoding.swift in Sources */ = {isa = PBXBuildFile; fileRef = F4369FAF3774EB2D11C5D200 /* Geocoding.swift */; };
		16B846797884B610AB154B33 /* CountriesCache.swift in Sources */ = {isa = PBXBuildFile; fileRef = 3DD37B4105D26A7FDFB5A527 /* CountriesCache.swift */; };
		1737F7E7ACCBFEAE5BB46D67 /* DefaultCountriesRepositoryTests.swift in Sources */ = {isa = PBXBuildFile; fileRef = 9BDD026C6F2042F2DFA21DF8 /* DefaultCountriesRepositoryTests.swift */; };
		1C53A53D4938AE5E02337FEF /* CountryDTODecodingTests.swift in Sources */ = {isa = PBXBuildFile; fileRef = F0AE9F8411FA06F008ADE272 /* CountryDTODecodingTests.swift */; };
		21929C03F89A00A93B15EFAE /* CountryListView.swift in Sources */ = {isa = PBXBuildFile; fileRef = C83772339D34AC9F63E70CC7 /* CountryListView.swift */; };
		22163BC79AA96E1A61F37EAC /* APIError.swift in Sources */ = {isa = PBXBuildFile; fileRef = F17FBD371A2B3D8BE5AEC33F /* APIError.swift */; };
		262FA766AA68EDA3DCC7E03A /* DefaultCountryResolver.swift in Sources */ = {isa = PBXBuildFile; fileRef = 8ABD1C1C594C9EF19A19B7C3 /* DefaultCountryResolver.swift */; };
		37EFFA4230C7A141E722C362 /* CountryListViewModel.swift in Sources */ = {isa = PBXBuildFile; fileRef = F12A821458FEA8949E26DEB0 /* CountryListViewModel.swift */; };
		3B9727895454F8154ADF8434 /* Country.swift in Sources */ = {isa = PBXBuildFile; fileRef = 86F03CE62B22B3F5B07815C8 /* Country.swift */; };
		4309CEEC9F5A7AD0E4AA903B /* LocationProvider.swift in Sources */ = {isa = PBXBuildFile; fileRef = F2D15D7F5DB1A076A2D6DAF3 /* LocationProvider.swift */; };
		47AEEB47E21621499023588D /* CountrySearchField.swift in Sources */ = {isa = PBXBuildFile; fileRef = 3CA93000542730E181606F7C /* CountrySearchField.swift */; };
		492286662AE9A1969FF0B2D8 /* CountryRow.swift in Sources */ = {isa = PBXBuildFile; fileRef = E5AFA161F43408EB899BB478 /* CountryRow.swift */; };
		4AA235EFE66BE44CB9435819 /* View+HideKeyboard.swift in Sources */ = {isa = PBXBuildFile; fileRef = CF6FF3ABC38019E43E85192A /* View+HideKeyboard.swift */; };
		4DDF7ACF7B4DDCBA2955AC9A /* CountryDetailViewModelTests.swift in Sources */ = {isa = PBXBuildFile; fileRef = 51AA0C0078C33A5DAFF4E3FE /* CountryDetailViewModelTests.swift */; };
		62BEA7A035C2E9D27DD03AAF /* FakeCLLocationManager.swift in Sources */ = {isa = PBXBuildFile; fileRef = 93C08DE12261E253448FFADF /* FakeCLLocationManager.swift */; };
		6A29283D62514160097792F6 /* APIEndpoint+Countries.swift in Sources */ = {isa = PBXBuildFile; fileRef = 66B3D6BDFE9572FE303FDC95 /* APIEndpoint+Countries.swift */; };
		856F51FA14160F55A627513C /* MockCountriesCache.swift in Sources */ = {isa = PBXBuildFile; fileRef = 2B2BEA562D7E6EBC3BDC34EB /* MockCountriesCache.swift */; };
		857F9074B2C4B087CB6F2726 /* URLProtocolStub.swift in Sources */ = {isa = PBXBuildFile; fileRef = 741453F1B9F823B1F4ECFF07 /* URLProtocolStub.swift */; };
		8D89AA4C4478B28BF046E35D /* AppConfig.swift in Sources */ = {isa = PBXBuildFile; fileRef = E829EE617AC53275A0CF00AE /* AppConfig.swift */; };
		8DCEA19FFD0F73ADE22B853F /* MockAPIClient.swift in Sources */ = {isa = PBXBuildFile; fileRef = 7A39DA4874214EE7F7B0D0A9 /* MockAPIClient.swift */; };
		91DFFC41B932D3D0692DAAF9 /* FileCountriesCacheTests.swift in Sources */ = {isa = PBXBuildFile; fileRef = D729802D500218DD4369B9D2 /* FileCountriesCacheTests.swift */; };
		9330E86F22B64805F0F2210C /* AppCoordinator.swift in Sources */ = {isa = PBXBuildFile; fileRef = A9E2C7DE1870BEEF02E82818 /* AppCoordinator.swift */; };
		980C1C1080EF5541DA5CBD03 /* CountryListViewModelTests.swift in Sources */ = {isa = PBXBuildFile; fileRef = 7AE0C0786465644119A1E0BA /* CountryListViewModelTests.swift */; };
		9AFF322BCF1D9F9734B41A3A /* MockLocationProvider.swift in Sources */ = {isa = PBXBuildFile; fileRef = CF89EE8F35AC3F058356F6F1 /* MockLocationProvider.swift */; };
		9B9E2D3F0E6A1EA9CC7E0AAA /* Assets.xcassets in Resources */ = {isa = PBXBuildFile; fileRef = 9544934E9C59EEE0A0A3116A /* Assets.xcassets */; };
		9D6419A3D131FE63050C8C96 /* LocalStoreTests.swift in Sources */ = {isa = PBXBuildFile; fileRef = EFFE64025CE74D568B93A5AB /* LocalStoreTests.swift */; };
		A5CCB764879876CC8F4F2C2C /* DefaultCountryResolverTests.swift in Sources */ = {isa = PBXBuildFile; fileRef = 6845449B31E1076055CB1A53 /* DefaultCountryResolverTests.swift */; };
		A8F4770054ECE8B4447BAC11 /* CountriesRepository.swift in Sources */ = {isa = PBXBuildFile; fileRef = 3B1326F81EC28BC1049ABAF6 /* CountriesRepository.swift */; };
		AF75D433AB5801B1D565688D /* CountryMapperTests.swift in Sources */ = {isa = PBXBuildFile; fileRef = E7D022A0FD73CDFEC8531EAD /* CountryMapperTests.swift */; };
		AFA19A8801491D6A6233114F /* MockCountriesRepository.swift in Sources */ = {isa = PBXBuildFile; fileRef = E0885A291539BF3FAD6F1A1E /* MockCountriesRepository.swift */; };
		B2FD927A46D4A1315868BBCC /* LocalStore.swift in Sources */ = {isa = PBXBuildFile; fileRef = D5D76C8C7DBF34DFF457206B /* LocalStore.swift */; };
		B7B5DC874444402A36DC6313 /* MockGeocoder.swift in Sources */ = {isa = PBXBuildFile; fileRef = 7D9DA6BB3A2A85BCDD9788F1 /* MockGeocoder.swift */; };
		BF0E2C688E46B6C19B572B23 /* CountryDTO.swift in Sources */ = {isa = PBXBuildFile; fileRef = 19E722B0A8C28ED8018E3EF2 /* CountryDTO.swift */; };
		C600F66515FDE89640929F24 /* APIClientTests.swift in Sources */ = {isa = PBXBuildFile; fileRef = 283972D0A76025453D694F4D /* APIClientTests.swift */; };
		DEC335C43EA553E4D12FE984 /* COORBAssessmentApp.swift in Sources */ = {isa = PBXBuildFile; fileRef = E8602C7215D79A34C45EF235 /* COORBAssessmentApp.swift */; };
		DF0CF5795A6B76377A9BEDF1 /* CountryDetailViewModel.swift in Sources */ = {isa = PBXBuildFile; fileRef = 1858DC63053D8899895F128E /* CountryDetailViewModel.swift */; };
		DFD62475843D2D869AE54508 /* APIClient.swift in Sources */ = {isa = PBXBuildFile; fileRef = 2029EE2FDE881F521F7201B1 /* APIClient.swift */; };
		E5029976CE6F8816A880F18F /* APIEndpoint.swift in Sources */ = {isa = PBXBuildFile; fileRef = 0461935FCD935EEC27563FBE /* APIEndpoint.swift */; };
		ED9B7E2B9D1FD5D53BE81CF6 /* LocationProviderTests.swift in Sources */ = {isa = PBXBuildFile; fileRef = C648D3163F28C5045EEEC65C /* LocationProviderTests.swift */; };
/* End PBXBuildFile section */

/* Begin PBXContainerItemProxy section */
		065F46B7CF008F68EA91E46D /* PBXContainerItemProxy */ = {
			isa = PBXContainerItemProxy;
			containerPortal = 0B90D3E89098171143259C54 /* Project object */;
			proxyType = 1;
			remoteGlobalIDString = 9247C60AD908957AB87D17E4;
			remoteInfo = COORBAssessment;
		};
/* End PBXContainerItemProxy section */

/* Begin PBXFileReference section */
		0461935FCD935EEC27563FBE /* APIEndpoint.swift */ = {isa = PBXFileReference; lastKnownFileType = sourcecode.swift; path = APIEndpoint.swift; sourceTree = "<group>"; };
		1858DC63053D8899895F128E /* CountryDetailViewModel.swift */ = {isa = PBXFileReference; lastKnownFileType = sourcecode.swift; path = CountryDetailViewModel.swift; sourceTree = "<group>"; };
		19E722B0A8C28ED8018E3EF2 /* CountryDTO.swift */ = {isa = PBXFileReference; lastKnownFileType = sourcecode.swift; path = CountryDTO.swift; sourceTree = "<group>"; };
		2029EE2FDE881F521F7201B1 /* APIClient.swift */ = {isa = PBXFileReference; lastKnownFileType = sourcecode.swift; path = APIClient.swift; sourceTree = "<group>"; };
		283972D0A76025453D694F4D /* APIClientTests.swift */ = {isa = PBXFileReference; lastKnownFileType = sourcecode.swift; path = APIClientTests.swift; sourceTree = "<group>"; };
		2B2BEA562D7E6EBC3BDC34EB /* MockCountriesCache.swift */ = {isa = PBXFileReference; lastKnownFileType = sourcecode.swift; path = MockCountriesCache.swift; sourceTree = "<group>"; };
		3B1326F81EC28BC1049ABAF6 /* CountriesRepository.swift */ = {isa = PBXFileReference; lastKnownFileType = sourcecode.swift; path = CountriesRepository.swift; sourceTree = "<group>"; };
		3CA93000542730E181606F7C /* CountrySearchField.swift */ = {isa = PBXFileReference; lastKnownFileType = sourcecode.swift; path = CountrySearchField.swift; sourceTree = "<group>"; };
		3DD37B4105D26A7FDFB5A527 /* CountriesCache.swift */ = {isa = PBXFileReference; lastKnownFileType = sourcecode.swift; path = CountriesCache.swift; sourceTree = "<group>"; };
		51AA0C0078C33A5DAFF4E3FE /* CountryDetailViewModelTests.swift */ = {isa = PBXFileReference; lastKnownFileType = sourcecode.swift; path = CountryDetailViewModelTests.swift; sourceTree = "<group>"; };
		66B3D6BDFE9572FE303FDC95 /* APIEndpoint+Countries.swift */ = {isa = PBXFileReference; lastKnownFileType = sourcecode.swift; path = "APIEndpoint+Countries.swift"; sourceTree = "<group>"; };
		6845449B31E1076055CB1A53 /* DefaultCountryResolverTests.swift */ = {isa = PBXFileReference; lastKnownFileType = sourcecode.swift; path = DefaultCountryResolverTests.swift; sourceTree = "<group>"; };
		741453F1B9F823B1F4ECFF07 /* URLProtocolStub.swift */ = {isa = PBXFileReference; lastKnownFileType = sourcecode.swift; path = URLProtocolStub.swift; sourceTree = "<group>"; };
		7A39DA4874214EE7F7B0D0A9 /* MockAPIClient.swift */ = {isa = PBXFileReference; lastKnownFileType = sourcecode.swift; path = MockAPIClient.swift; sourceTree = "<group>"; };
		7AE0C0786465644119A1E0BA /* CountryListViewModelTests.swift */ = {isa = PBXFileReference; lastKnownFileType = sourcecode.swift; path = CountryListViewModelTests.swift; sourceTree = "<group>"; };
		7D9DA6BB3A2A85BCDD9788F1 /* MockGeocoder.swift */ = {isa = PBXFileReference; lastKnownFileType = sourcecode.swift; path = MockGeocoder.swift; sourceTree = "<group>"; };
		86F03CE62B22B3F5B07815C8 /* Country.swift */ = {isa = PBXFileReference; lastKnownFileType = sourcecode.swift; path = Country.swift; sourceTree = "<group>"; };
		8ABD1C1C594C9EF19A19B7C3 /* DefaultCountryResolver.swift */ = {isa = PBXFileReference; lastKnownFileType = sourcecode.swift; path = DefaultCountryResolver.swift; sourceTree = "<group>"; };
		93C08DE12261E253448FFADF /* FakeCLLocationManager.swift */ = {isa = PBXFileReference; lastKnownFileType = sourcecode.swift; path = FakeCLLocationManager.swift; sourceTree = "<group>"; };
		9544934E9C59EEE0A0A3116A /* Assets.xcassets */ = {isa = PBXFileReference; lastKnownFileType = folder.assetcatalog; path = Assets.xcassets; sourceTree = "<group>"; };
		9BDD026C6F2042F2DFA21DF8 /* DefaultCountriesRepositoryTests.swift */ = {isa = PBXFileReference; lastKnownFileType = sourcecode.swift; path = DefaultCountriesRepositoryTests.swift; sourceTree = "<group>"; };
		A9E2C7DE1870BEEF02E82818 /* AppCoordinator.swift */ = {isa = PBXFileReference; lastKnownFileType = sourcecode.swift; path = AppCoordinator.swift; sourceTree = "<group>"; };
		B25B3934DEFA040176802301 /* CountryDetailView.swift */ = {isa = PBXFileReference; lastKnownFileType = sourcecode.swift; path = CountryDetailView.swift; sourceTree = "<group>"; };
		C648D3163F28C5045EEEC65C /* LocationProviderTests.swift */ = {isa = PBXFileReference; lastKnownFileType = sourcecode.swift; path = LocationProviderTests.swift; sourceTree = "<group>"; };
		C83772339D34AC9F63E70CC7 /* CountryListView.swift */ = {isa = PBXFileReference; lastKnownFileType = sourcecode.swift; path = CountryListView.swift; sourceTree = "<group>"; };
		CC4C952E0671EF3C17A75586 /* COORBAssessmentTests.xctest */ = {isa = PBXFileReference; includeInIndex = 0; lastKnownFileType = wrapper.cfbundle; path = COORBAssessmentTests.xctest; sourceTree = BUILT_PRODUCTS_DIR; };
		CF6FF3ABC38019E43E85192A /* View+HideKeyboard.swift */ = {isa = PBXFileReference; lastKnownFileType = sourcecode.swift; path = "View+HideKeyboard.swift"; sourceTree = "<group>"; };
		CF89EE8F35AC3F058356F6F1 /* MockLocationProvider.swift */ = {isa = PBXFileReference; lastKnownFileType = sourcecode.swift; path = MockLocationProvider.swift; sourceTree = "<group>"; };
		D5D76C8C7DBF34DFF457206B /* LocalStore.swift */ = {isa = PBXFileReference; lastKnownFileType = sourcecode.swift; path = LocalStore.swift; sourceTree = "<group>"; };
		D729802D500218DD4369B9D2 /* FileCountriesCacheTests.swift */ = {isa = PBXFileReference; lastKnownFileType = sourcecode.swift; path = FileCountriesCacheTests.swift; sourceTree = "<group>"; };
		E03334C36AF633A0776389E3 /* CountryMapper.swift */ = {isa = PBXFileReference; lastKnownFileType = sourcecode.swift; path = CountryMapper.swift; sourceTree = "<group>"; };
		E0885A291539BF3FAD6F1A1E /* MockCountriesRepository.swift */ = {isa = PBXFileReference; lastKnownFileType = sourcecode.swift; path = MockCountriesRepository.swift; sourceTree = "<group>"; };
		E5AFA161F43408EB899BB478 /* CountryRow.swift */ = {isa = PBXFileReference; lastKnownFileType = sourcecode.swift; path = CountryRow.swift; sourceTree = "<group>"; };
		E7D022A0FD73CDFEC8531EAD /* CountryMapperTests.swift */ = {isa = PBXFileReference; lastKnownFileType = sourcecode.swift; path = CountryMapperTests.swift; sourceTree = "<group>"; };
		E829EE617AC53275A0CF00AE /* AppConfig.swift */ = {isa = PBXFileReference; lastKnownFileType = sourcecode.swift; path = AppConfig.swift; sourceTree = "<group>"; };
		E8602C7215D79A34C45EF235 /* COORBAssessmentApp.swift */ = {isa = PBXFileReference; lastKnownFileType = sourcecode.swift; path = COORBAssessmentApp.swift; sourceTree = "<group>"; };
		EC2A060556230A0AFE8D2FCB /* COORBAssessment.app */ = {isa = PBXFileReference; includeInIndex = 0; lastKnownFileType = wrapper.application; path = COORBAssessment.app; sourceTree = BUILT_PRODUCTS_DIR; };
		EFFE64025CE74D568B93A5AB /* LocalStoreTests.swift */ = {isa = PBXFileReference; lastKnownFileType = sourcecode.swift; path = LocalStoreTests.swift; sourceTree = "<group>"; };
		F0AE9F8411FA06F008ADE272 /* CountryDTODecodingTests.swift */ = {isa = PBXFileReference; lastKnownFileType = sourcecode.swift; path = CountryDTODecodingTests.swift; sourceTree = "<group>"; };
		F12A821458FEA8949E26DEB0 /* CountryListViewModel.swift */ = {isa = PBXFileReference; lastKnownFileType = sourcecode.swift; path = CountryListViewModel.swift; sourceTree = "<group>"; };
		F17FBD371A2B3D8BE5AEC33F /* APIError.swift */ = {isa = PBXFileReference; lastKnownFileType = sourcecode.swift; path = APIError.swift; sourceTree = "<group>"; };
		F2D15D7F5DB1A076A2D6DAF3 /* LocationProvider.swift */ = {isa = PBXFileReference; lastKnownFileType = sourcecode.swift; path = LocationProvider.swift; sourceTree = "<group>"; };
		F4369FAF3774EB2D11C5D200 /* Geocoding.swift */ = {isa = PBXFileReference; lastKnownFileType = sourcecode.swift; path = Geocoding.swift; sourceTree = "<group>"; };
/* End PBXFileReference section */

/* Begin PBXGroup section */
		071DFD14A446965CDD0BFC8B /* Helpers */ = {
			isa = PBXGroup;
			children = (
				741453F1B9F823B1F4ECFF07 /* URLProtocolStub.swift */,
			);
			path = Helpers;
			sourceTree = "<group>";
		};
		1889EEEABEA5080D2A7C75EF /* Models */ = {
			isa = PBXGroup;
			children = (
				86F03CE62B22B3F5B07815C8 /* Country.swift */,
				19E722B0A8C28ED8018E3EF2 /* CountryDTO.swift */,
				E03334C36AF633A0776389E3 /* CountryMapper.swift */,
			);
			path = Models;
			sourceTree = "<group>";
		};
		1CFA8ABF762E19129F62E594 /* CountryList */ = {
			isa = PBXGroup;
			children = (
				7AE0C0786465644119A1E0BA /* CountryListViewModelTests.swift */,
			);
			path = CountryList;
			sourceTree = "<group>";
		};
		333D4EEECD11BD1D2E29FD22 /* Features */ = {
			isa = PBXGroup;
			children = (
				6451FC53187F3585260D81A1 /* CountryDetail */,
				1CFA8ABF762E19129F62E594 /* CountryList */,
			);
			path = Features;
			sourceTree = "<group>";
		};
		3F71C81266584BF3D04AA422 /* Repositories */ = {
			isa = PBXGroup;
			children = (
				9BDD026C6F2042F2DFA21DF8 /* DefaultCountriesRepositoryTests.swift */,
			);
			path = Repositories;
			sourceTree = "<group>";
		};
		470112DA41BC746D8895D578 /* Storage */ = {
			isa = PBXGroup;
			children = (
				D729802D500218DD4369B9D2 /* FileCountriesCacheTests.swift */,
				EFFE64025CE74D568B93A5AB /* LocalStoreTests.swift */,
			);
			path = Storage;
			sourceTree = "<group>";
		};
		5B440BDEFB557495D36FF483 /* Features */ = {
			isa = PBXGroup;
			children = (
				E33BF032BF2A487FE3946042 /* CountryDetail */,
				E8ADB1374E50E681C62A63D3 /* CountryList */,
			);
			path = Features;
			sourceTree = "<group>";
		};
		6451FC53187F3585260D81A1 /* CountryDetail */ = {
			isa = PBXGroup;
			children = (
				51AA0C0078C33A5DAFF4E3FE /* CountryDetailViewModelTests.swift */,
			);
			path = CountryDetail;
			sourceTree = "<group>";
		};
		6D3238E17FB2ABF013876E57 /* Storage */ = {
			isa = PBXGroup;
			children = (
				3DD37B4105D26A7FDFB5A527 /* CountriesCache.swift */,
				D5D76C8C7DBF34DFF457206B /* LocalStore.swift */,
			);
			path = Storage;
			sourceTree = "<group>";
		};
		743BC03CD98ECE0C9E2FBE53 = {
			isa = PBXGroup;
			children = (
				8930EA48690F3CF77F98749C /* COORBAssessment */,
				C918BBC98E02E8336878D79A /* COORBAssessmentTests */,
				CA7502270A9A8FBD6D650CC4 /* Products */,
			);
			sourceTree = "<group>";
		};
		7492B8802795A81ACCABD5AA /* Location */ = {
			isa = PBXGroup;
			children = (
				8ABD1C1C594C9EF19A19B7C3 /* DefaultCountryResolver.swift */,
				F4369FAF3774EB2D11C5D200 /* Geocoding.swift */,
				F2D15D7F5DB1A076A2D6DAF3 /* LocationProvider.swift */,
			);
			path = Location;
			sourceTree = "<group>";
		};
		83A84E954D355DC7B2B123F3 /* Location */ = {
			isa = PBXGroup;
			children = (
				6845449B31E1076055CB1A53 /* DefaultCountryResolverTests.swift */,
				C648D3163F28C5045EEEC65C /* LocationProviderTests.swift */,
			);
			path = Location;
			sourceTree = "<group>";
		};
		865A08BE447142A53E965A94 /* Coordinator */ = {
			isa = PBXGroup;
			children = (
				A9E2C7DE1870BEEF02E82818 /* AppCoordinator.swift */,
			);
			path = Coordinator;
			sourceTree = "<group>";
		};
		8930EA48690F3CF77F98749C /* COORBAssessment */ = {
			isa = PBXGroup;
			children = (
				E829EE617AC53275A0CF00AE /* AppConfig.swift */,
				E8602C7215D79A34C45EF235 /* COORBAssessmentApp.swift */,
				865A08BE447142A53E965A94 /* Coordinator */,
				E7C9B9B98098C889138FC509 /* Extensions */,
				5B440BDEFB557495D36FF483 /* Features */,
				7492B8802795A81ACCABD5AA /* Location */,
				1889EEEABEA5080D2A7C75EF /* Models */,
				AD6F3F2340025324A6030E22 /* Network */,
				952A27C3F7BEAEF9E31572E0 /* Repositories */,
				D9DE3D2E7F08181B1389E797 /* Resources */,
				6D3238E17FB2ABF013876E57 /* Storage */,
			);
			path = COORBAssessment;
			sourceTree = "<group>";
		};
		952A27C3F7BEAEF9E31572E0 /* Repositories */ = {
			isa = PBXGroup;
			children = (
				3B1326F81EC28BC1049ABAF6 /* CountriesRepository.swift */,
			);
			path = Repositories;
			sourceTree = "<group>";
		};
		9F4BC73455D888C159D29E65 /* Models */ = {
			isa = PBXGroup;
			children = (
				F0AE9F8411FA06F008ADE272 /* CountryDTODecodingTests.swift */,
				E7D022A0FD73CDFEC8531EAD /* CountryMapperTests.swift */,
			);
			path = Models;
			sourceTree = "<group>";
		};
		AD6F3F2340025324A6030E22 /* Network */ = {
			isa = PBXGroup;
			children = (
				2029EE2FDE881F521F7201B1 /* APIClient.swift */,
				0461935FCD935EEC27563FBE /* APIEndpoint.swift */,
				66B3D6BDFE9572FE303FDC95 /* APIEndpoint+Countries.swift */,
				F17FBD371A2B3D8BE5AEC33F /* APIError.swift */,
			);
			path = Network;
			sourceTree = "<group>";
		};
		C918BBC98E02E8336878D79A /* COORBAssessmentTests */ = {
			isa = PBXGroup;
			children = (
				333D4EEECD11BD1D2E29FD22 /* Features */,
				071DFD14A446965CDD0BFC8B /* Helpers */,
				83A84E954D355DC7B2B123F3 /* Location */,
				FF57F7FAD9CA792207FED93C /* Mocks */,
				9F4BC73455D888C159D29E65 /* Models */,
				EF948E6629D2335C1F77B4CE /* Network */,
				3F71C81266584BF3D04AA422 /* Repositories */,
				470112DA41BC746D8895D578 /* Storage */,
			);
			path = COORBAssessmentTests;
			sourceTree = "<group>";
		};
		CA7502270A9A8FBD6D650CC4 /* Products */ = {
			isa = PBXGroup;
			children = (
				EC2A060556230A0AFE8D2FCB /* COORBAssessment.app */,
				CC4C952E0671EF3C17A75586 /* COORBAssessmentTests.xctest */,
			);
			name = Products;
			sourceTree = "<group>";
		};
		D9DE3D2E7F08181B1389E797 /* Resources */ = {
			isa = PBXGroup;
			children = (
				9544934E9C59EEE0A0A3116A /* Assets.xcassets */,
			);
			path = Resources;
			sourceTree = "<group>";
		};
		E33BF032BF2A487FE3946042 /* CountryDetail */ = {
			isa = PBXGroup;
			children = (
				B25B3934DEFA040176802301 /* CountryDetailView.swift */,
				1858DC63053D8899895F128E /* CountryDetailViewModel.swift */,
			);
			path = CountryDetail;
			sourceTree = "<group>";
		};
		E7C9B9B98098C889138FC509 /* Extensions */ = {
			isa = PBXGroup;
			children = (
				CF6FF3ABC38019E43E85192A /* View+HideKeyboard.swift */,
			);
			path = Extensions;
			sourceTree = "<group>";
		};
		E8ADB1374E50E681C62A63D3 /* CountryList */ = {
			isa = PBXGroup;
			children = (
				C83772339D34AC9F63E70CC7 /* CountryListView.swift */,
				F12A821458FEA8949E26DEB0 /* CountryListViewModel.swift */,
				E5AFA161F43408EB899BB478 /* CountryRow.swift */,
				3CA93000542730E181606F7C /* CountrySearchField.swift */,
			);
			path = CountryList;
			sourceTree = "<group>";
		};
		EF948E6629D2335C1F77B4CE /* Network */ = {
			isa = PBXGroup;
			children = (
				283972D0A76025453D694F4D /* APIClientTests.swift */,
			);
			path = Network;
			sourceTree = "<group>";
		};
		FF57F7FAD9CA792207FED93C /* Mocks */ = {
			isa = PBXGroup;
			children = (
				93C08DE12261E253448FFADF /* FakeCLLocationManager.swift */,
				7A39DA4874214EE7F7B0D0A9 /* MockAPIClient.swift */,
				2B2BEA562D7E6EBC3BDC34EB /* MockCountriesCache.swift */,
				E0885A291539BF3FAD6F1A1E /* MockCountriesRepository.swift */,
				7D9DA6BB3A2A85BCDD9788F1 /* MockGeocoder.swift */,
				CF89EE8F35AC3F058356F6F1 /* MockLocationProvider.swift */,
			);
			path = Mocks;
			sourceTree = "<group>";
		};
/* End PBXGroup section */

/* Begin PBXNativeTarget section */
		6E93EE85B54100BA8E3CB236 /* COORBAssessmentTests */ = {
			isa = PBXNativeTarget;
			buildConfigurationList = A8E98471804093858ADC7CAC /* Build configuration list for PBXNativeTarget "COORBAssessmentTests" */;
			buildPhases = (
				4AA1B49EA78E691E90F85103 /* Sources */,
			);
			buildRules = (
			);
			dependencies = (
				F92B4E642BAB6089896ACCCB /* PBXTargetDependency */,
			);
			name = COORBAssessmentTests;
			packageProductDependencies = (
			);
			productName = COORBAssessmentTests;
			productReference = CC4C952E0671EF3C17A75586 /* COORBAssessmentTests.xctest */;
			productType = "com.apple.product-type.bundle.unit-test";
		};
		9247C60AD908957AB87D17E4 /* COORBAssessment */ = {
			isa = PBXNativeTarget;
			buildConfigurationList = 3D38A7F7AA5BFA907170F2B1 /* Build configuration list for PBXNativeTarget "COORBAssessment" */;
			buildPhases = (
				E9EB2D4E35E1F5CB91C417B3 /* Sources */,
				E5350B525C3E8C7D9DE25C95 /* Resources */,
			);
			buildRules = (
			);
			dependencies = (
			);
			name = COORBAssessment;
			packageProductDependencies = (
			);
			productName = COORBAssessment;
			productReference = EC2A060556230A0AFE8D2FCB /* COORBAssessment.app */;
			productType = "com.apple.product-type.application";
		};
/* End PBXNativeTarget section */

/* Begin PBXProject section */
		0B90D3E89098171143259C54 /* Project object */ = {
			isa = PBXProject;
			attributes = {
				BuildIndependentTargetsInParallel = YES;
				LastUpgradeCheck = 1430;
				TargetAttributes = {
				};
			};
			buildConfigurationList = EACF5B118C609758F6B8FC8B /* Build configuration list for PBXProject "COORBAssessment" */;
			developmentRegion = en;
			hasScannedForEncodings = 0;
			knownRegions = (
				Base,
				en,
			);
			mainGroup = 743BC03CD98ECE0C9E2FBE53;
			minimizedProjectReferenceProxies = 1;
			preferredProjectObjectVersion = 77;
			productRefGroup = CA7502270A9A8FBD6D650CC4 /* Products */;
			projectDirPath = "";
			projectRoot = "";
			targets = (
				9247C60AD908957AB87D17E4 /* COORBAssessment */,
				6E93EE85B54100BA8E3CB236 /* COORBAssessmentTests */,
			);
		};
/* End PBXProject section */

/* Begin PBXResourcesBuildPhase section */
		E5350B525C3E8C7D9DE25C95 /* Resources */ = {
			isa = PBXResourcesBuildPhase;
			buildActionMask = 2147483647;
			files = (
				9B9E2D3F0E6A1EA9CC7E0AAA /* Assets.xcassets in Resources */,
			);
			runOnlyForDeploymentPostprocessing = 0;
		};
/* End PBXResourcesBuildPhase section */

/* Begin PBXSourcesBuildPhase section */
		4AA1B49EA78E691E90F85103 /* Sources */ = {
			isa = PBXSourcesBuildPhase;
			buildActionMask = 2147483647;
			files = (
				C600F66515FDE89640929F24 /* APIClientTests.swift in Sources */,
				1C53A53D4938AE5E02337FEF /* CountryDTODecodingTests.swift in Sources */,
				4DDF7ACF7B4DDCBA2955AC9A /* CountryDetailViewModelTests.swift in Sources */,
				980C1C1080EF5541DA5CBD03 /* CountryListViewModelTests.swift in Sources */,
				AF75D433AB5801B1D565688D /* CountryMapperTests.swift in Sources */,
				1737F7E7ACCBFEAE5BB46D67 /* DefaultCountriesRepositoryTests.swift in Sources */,
				A5CCB764879876CC8F4F2C2C /* DefaultCountryResolverTests.swift in Sources */,
				62BEA7A035C2E9D27DD03AAF /* FakeCLLocationManager.swift in Sources */,
				91DFFC41B932D3D0692DAAF9 /* FileCountriesCacheTests.swift in Sources */,
				9D6419A3D131FE63050C8C96 /* LocalStoreTests.swift in Sources */,
				ED9B7E2B9D1FD5D53BE81CF6 /* LocationProviderTests.swift in Sources */,
				8DCEA19FFD0F73ADE22B853F /* MockAPIClient.swift in Sources */,
				856F51FA14160F55A627513C /* MockCountriesCache.swift in Sources */,
				AFA19A8801491D6A6233114F /* MockCountriesRepository.swift in Sources */,
				B7B5DC874444402A36DC6313 /* MockGeocoder.swift in Sources */,
				9AFF322BCF1D9F9734B41A3A /* MockLocationProvider.swift in Sources */,
				857F9074B2C4B087CB6F2726 /* URLProtocolStub.swift in Sources */,
			);
			runOnlyForDeploymentPostprocessing = 0;
		};
		E9EB2D4E35E1F5CB91C417B3 /* Sources */ = {
			isa = PBXSourcesBuildPhase;
			buildActionMask = 2147483647;
			files = (
				DFD62475843D2D869AE54508 /* APIClient.swift in Sources */,
				6A29283D62514160097792F6 /* APIEndpoint+Countries.swift in Sources */,
				E5029976CE6F8816A880F18F /* APIEndpoint.swift in Sources */,
				22163BC79AA96E1A61F37EAC /* APIError.swift in Sources */,
				8D89AA4C4478B28BF046E35D /* AppConfig.swift in Sources */,
				9330E86F22B64805F0F2210C /* AppCoordinator.swift in Sources */,
				DEC335C43EA553E4D12FE984 /* COORBAssessmentApp.swift in Sources */,
				16B846797884B610AB154B33 /* CountriesCache.swift in Sources */,
				A8F4770054ECE8B4447BAC11 /* CountriesRepository.swift in Sources */,
				3B9727895454F8154ADF8434 /* Country.swift in Sources */,
				BF0E2C688E46B6C19B572B23 /* CountryDTO.swift in Sources */,
				07F045EBE050FE0DCFF9FF28 /* CountryDetailView.swift in Sources */,
				DF0CF5795A6B76377A9BEDF1 /* CountryDetailViewModel.swift in Sources */,
				21929C03F89A00A93B15EFAE /* CountryListView.swift in Sources */,
				37EFFA4230C7A141E722C362 /* CountryListViewModel.swift in Sources */,
				07BF8FA5C23B28C5BC152837 /* CountryMapper.swift in Sources */,
				492286662AE9A1969FF0B2D8 /* CountryRow.swift in Sources */,
				47AEEB47E21621499023588D /* CountrySearchField.swift in Sources */,
				262FA766AA68EDA3DCC7E03A /* DefaultCountryResolver.swift in Sources */,
				10A2BC1154F5583436F8809E /* Geocoding.swift in Sources */,
				B2FD927A46D4A1315868BBCC /* LocalStore.swift in Sources */,
				4309CEEC9F5A7AD0E4AA903B /* LocationProvider.swift in Sources */,
				4AA235EFE66BE44CB9435819 /* View+HideKeyboard.swift in Sources */,
			);
			runOnlyForDeploymentPostprocessing = 0;
		};
/* End PBXSourcesBuildPhase section */

/* Begin PBXTargetDependency section */
		F92B4E642BAB6089896ACCCB /* PBXTargetDependency */ = {
			isa = PBXTargetDependency;
			target = 9247C60AD908957AB87D17E4 /* COORBAssessment */;
			targetProxy = 065F46B7CF008F68EA91E46D /* PBXContainerItemProxy */;
		};
/* End PBXTargetDependency section */

/* Begin XCBuildConfiguration section */
		3356AE8FF46ED1474B706DCF /* Debug */ = {
			isa = XCBuildConfiguration;
			buildSettings = {
				ALWAYS_SEARCH_USER_PATHS = NO;
				CLANG_ANALYZER_NONNULL = YES;
				CLANG_ANALYZER_NUMBER_OBJECT_CONVERSION = YES_AGGRESSIVE;
				CLANG_CXX_LANGUAGE_STANDARD = "gnu++14";
				CLANG_CXX_LIBRARY = "libc++";
				CLANG_ENABLE_MODULES = YES;
				CLANG_ENABLE_OBJC_ARC = YES;
				CLANG_ENABLE_OBJC_WEAK = YES;
				CLANG_WARN_BLOCK_CAPTURE_AUTORELEASING = YES;
				CLANG_WARN_BOOL_CONVERSION = YES;
				CLANG_WARN_COMMA = YES;
				CLANG_WARN_CONSTANT_CONVERSION = YES;
				CLANG_WARN_DEPRECATED_OBJC_IMPLEMENTATIONS = YES;
				CLANG_WARN_DIRECT_OBJC_ISA_USAGE = YES_ERROR;
				CLANG_WARN_DOCUMENTATION_COMMENTS = YES;
				CLANG_WARN_EMPTY_BODY = YES;
				CLANG_WARN_ENUM_CONVERSION = YES;
				CLANG_WARN_INFINITE_RECURSION = YES;
				CLANG_WARN_INT_CONVERSION = YES;
				CLANG_WARN_NON_LITERAL_NULL_CONVERSION = YES;
				CLANG_WARN_OBJC_IMPLICIT_RETAIN_SELF = YES;
				CLANG_WARN_OBJC_LITERAL_CONVERSION = YES;
				CLANG_WARN_OBJC_ROOT_CLASS = YES_ERROR;
				CLANG_WARN_QUOTED_INCLUDE_IN_FRAMEWORK_HEADER = YES;
				CLANG_WARN_RANGE_LOOP_ANALYSIS = YES;
				CLANG_WARN_STRICT_PROTOTYPES = YES;
				CLANG_WARN_SUSPICIOUS_MOVE = YES;
				CLANG_WARN_UNGUARDED_AVAILABILITY = YES_AGGRESSIVE;
				CLANG_WARN_UNREACHABLE_CODE = YES;
				CLANG_WARN__DUPLICATE_METHOD_MATCH = YES;
				COPY_PHASE_STRIP = NO;
				CURRENT_PROJECT_VERSION = 1;
				DEBUG_INFORMATION_FORMAT = dwarf;
				ENABLE_STRICT_OBJC_MSGSEND = YES;
				ENABLE_TESTABILITY = YES;
				GCC_C_LANGUAGE_STANDARD = gnu11;
				GCC_DYNAMIC_NO_PIC = NO;
				GCC_NO_COMMON_BLOCKS = YES;
				GCC_OPTIMIZATION_LEVEL = 0;
				GCC_PREPROCESSOR_DEFINITIONS = (
					"$(inherited)",
					"DEBUG=1",
				);
				GCC_WARN_64_TO_32_BIT_CONVERSION = YES;
				GCC_WARN_ABOUT_RETURN_TYPE = YES_ERROR;
				GCC_WARN_UNDECLARED_SELECTOR = YES;
				GCC_WARN_UNINITIALIZED_AUTOS = YES_AGGRESSIVE;
				GCC_WARN_UNUSED_FUNCTION = YES;
				GCC_WARN_UNUSED_VARIABLE = YES;
				GENERATE_INFOPLIST_FILE = YES;
				IPHONEOS_DEPLOYMENT_TARGET = 16.0;
				MARKETING_VERSION = 1.0;
				MTL_ENABLE_DEBUG_INFO = INCLUDE_SOURCE;
				MTL_FAST_MATH = YES;
				ONLY_ACTIVE_ARCH = YES;
				PRODUCT_NAME = "$(TARGET_NAME)";
				SDKROOT = iphoneos;
				SWIFT_ACTIVE_COMPILATION_CONDITIONS = DEBUG;
				SWIFT_OPTIMIZATION_LEVEL = "-Onone";
				SWIFT_VERSION = 5.9;
			};
			name = Debug;
		};
		33CE4DEAFC5EBBF1E0532063 /* Release */ = {
			isa = XCBuildConfiguration;
			buildSettings = {
				ALWAYS_SEARCH_USER_PATHS = NO;
				CLANG_ANALYZER_NONNULL = YES;
				CLANG_ANALYZER_NUMBER_OBJECT_CONVERSION = YES_AGGRESSIVE;
				CLANG_CXX_LANGUAGE_STANDARD = "gnu++14";
				CLANG_CXX_LIBRARY = "libc++";
				CLANG_ENABLE_MODULES = YES;
				CLANG_ENABLE_OBJC_ARC = YES;
				CLANG_ENABLE_OBJC_WEAK = YES;
				CLANG_WARN_BLOCK_CAPTURE_AUTORELEASING = YES;
				CLANG_WARN_BOOL_CONVERSION = YES;
				CLANG_WARN_COMMA = YES;
				CLANG_WARN_CONSTANT_CONVERSION = YES;
				CLANG_WARN_DEPRECATED_OBJC_IMPLEMENTATIONS = YES;
				CLANG_WARN_DIRECT_OBJC_ISA_USAGE = YES_ERROR;
				CLANG_WARN_DOCUMENTATION_COMMENTS = YES;
				CLANG_WARN_EMPTY_BODY = YES;
				CLANG_WARN_ENUM_CONVERSION = YES;
				CLANG_WARN_INFINITE_RECURSION = YES;
				CLANG_WARN_INT_CONVERSION = YES;
				CLANG_WARN_NON_LITERAL_NULL_CONVERSION = YES;
				CLANG_WARN_OBJC_IMPLICIT_RETAIN_SELF = YES;
				CLANG_WARN_OBJC_LITERAL_CONVERSION = YES;
				CLANG_WARN_OBJC_ROOT_CLASS = YES_ERROR;
				CLANG_WARN_QUOTED_INCLUDE_IN_FRAMEWORK_HEADER = YES;
				CLANG_WARN_RANGE_LOOP_ANALYSIS = YES;
				CLANG_WARN_STRICT_PROTOTYPES = YES;
				CLANG_WARN_SUSPICIOUS_MOVE = YES;
				CLANG_WARN_UNGUARDED_AVAILABILITY = YES_AGGRESSIVE;
				CLANG_WARN_UNREACHABLE_CODE = YES;
				CLANG_WARN__DUPLICATE_METHOD_MATCH = YES;
				COPY_PHASE_STRIP = NO;
				CURRENT_PROJECT_VERSION = 1;
				DEBUG_INFORMATION_FORMAT = "dwarf-with-dsym";
				ENABLE_NS_ASSERTIONS = NO;
				ENABLE_STRICT_OBJC_MSGSEND = YES;
				GCC_C_LANGUAGE_STANDARD = gnu11;
				GCC_NO_COMMON_BLOCKS = YES;
				GCC_WARN_64_TO_32_BIT_CONVERSION = YES;
				GCC_WARN_ABOUT_RETURN_TYPE = YES_ERROR;
				GCC_WARN_UNDECLARED_SELECTOR = YES;
				GCC_WARN_UNINITIALIZED_AUTOS = YES_AGGRESSIVE;
				GCC_WARN_UNUSED_FUNCTION = YES;
				GCC_WARN_UNUSED_VARIABLE = YES;
				GENERATE_INFOPLIST_FILE = YES;
				IPHONEOS_DEPLOYMENT_TARGET = 16.0;
				MARKETING_VERSION = 1.0;
				MTL_ENABLE_DEBUG_INFO = NO;
				MTL_FAST_MATH = YES;
				PRODUCT_NAME = "$(TARGET_NAME)";
				SDKROOT = iphoneos;
				SWIFT_COMPILATION_MODE = wholemodule;
				SWIFT_OPTIMIZATION_LEVEL = "-O";
				SWIFT_VERSION = 5.9;
			};
			name = Release;
		};
		4F0188A144C3D63F471FD435 /* Release */ = {
			isa = XCBuildConfiguration;
			buildSettings = {
				ASSETCATALOG_COMPILER_APPICON_NAME = AppIcon;
				CODE_SIGN_IDENTITY = "iPhone Developer";
				INFOPLIST_KEY_NSLocationWhenInUseUsageDescription = "We use your location to suggest a default country.";
				INFOPLIST_KEY_UIApplicationSceneManifest_Generation = YES;
				INFOPLIST_KEY_UIApplicationSupportsIndirectInputEvents = YES;
				INFOPLIST_KEY_UILaunchScreen_Generation = YES;
				INFOPLIST_KEY_UISupportedInterfaceOrientations_iPad = "UIInterfaceOrientationPortrait UIInterfaceOrientationPortraitUpsideDown UIInterfaceOrientationLandscapeLeft UIInterfaceOrientationLandscapeRight";
				INFOPLIST_KEY_UISupportedInterfaceOrientations_iPhone = UIInterfaceOrientationPortrait;
				LD_RUNPATH_SEARCH_PATHS = (
					"$(inherited)",
					"@executable_path/Frameworks",
				);
				PRODUCT_BUNDLE_IDENTIFIER = com.minawefky.COORBAssessment;
				SDKROOT = iphoneos;
				TARGETED_DEVICE_FAMILY = "1,2";
			};
			name = Release;
		};
		8D8F16DF949F6A78BC1D5E1A /* Release */ = {
			isa = XCBuildConfiguration;
			buildSettings = {
				BUNDLE_LOADER = "$(TEST_HOST)";
				LD_RUNPATH_SEARCH_PATHS = (
					"$(inherited)",
					"@executable_path/Frameworks",
					"@loader_path/Frameworks",
				);
				PRODUCT_BUNDLE_IDENTIFIER = com.minawefky.COORBAssessmentTests;
				SDKROOT = iphoneos;
				TARGETED_DEVICE_FAMILY = "1,2";
				TEST_HOST = "$(BUILT_PRODUCTS_DIR)/COORBAssessment.app/COORBAssessment";
			};
			name = Release;
		};
		C9C80D1DD1044BF40C64B018 /* Debug */ = {
			isa = XCBuildConfiguration;
			buildSettings = {
				ASSETCATALOG_COMPILER_APPICON_NAME = AppIcon;
				CODE_SIGN_IDENTITY = "iPhone Developer";
				INFOPLIST_KEY_NSLocationWhenInUseUsageDescription = "We use your location to suggest a default country.";
				INFOPLIST_KEY_UIApplicationSceneManifest_Generation = YES;
				INFOPLIST_KEY_UIApplicationSupportsIndirectInputEvents = YES;
				INFOPLIST_KEY_UILaunchScreen_Generation = YES;
				INFOPLIST_KEY_UISupportedInterfaceOrientations_iPad = "UIInterfaceOrientationPortrait UIInterfaceOrientationPortraitUpsideDown UIInterfaceOrientationLandscapeLeft UIInterfaceOrientationLandscapeRight";
				INFOPLIST_KEY_UISupportedInterfaceOrientations_iPhone = UIInterfaceOrientationPortrait;
				LD_RUNPATH_SEARCH_PATHS = (
					"$(inherited)",
					"@executable_path/Frameworks",
				);
				PRODUCT_BUNDLE_IDENTIFIER = com.minawefky.COORBAssessment;
				SDKROOT = iphoneos;
				TARGETED_DEVICE_FAMILY = "1,2";
			};
			name = Debug;
		};
		CA5217C125776E8D16B4A76A /* Debug */ = {
			isa = XCBuildConfiguration;
			buildSettings = {
				BUNDLE_LOADER = "$(TEST_HOST)";
				LD_RUNPATH_SEARCH_PATHS = (
					"$(inherited)",
					"@executable_path/Frameworks",
					"@loader_path/Frameworks",
				);
				PRODUCT_BUNDLE_IDENTIFIER = com.minawefky.COORBAssessmentTests;
				SDKROOT = iphoneos;
				TARGETED_DEVICE_FAMILY = "1,2";
				TEST_HOST = "$(BUILT_PRODUCTS_DIR)/COORBAssessment.app/COORBAssessment";
			};
			name = Debug;
		};
/* End XCBuildConfiguration section */

/* Begin XCConfigurationList section */
		3D38A7F7AA5BFA907170F2B1 /* Build configuration list for PBXNativeTarget "COORBAssessment" */ = {
			isa = XCConfigurationList;
			buildConfigurations = (
				C9C80D1DD1044BF40C64B018 /* Debug */,
				4F0188A144C3D63F471FD435 /* Release */,
			);
			defaultConfigurationIsVisible = 0;
			defaultConfigurationName = Debug;
		};
		A8E98471804093858ADC7CAC /* Build configuration list for PBXNativeTarget "COORBAssessmentTests" */ = {
			isa = XCConfigurationList;
			buildConfigurations = (
				CA5217C125776E8D16B4A76A /* Debug */,
				8D8F16DF949F6A78BC1D5E1A /* Release */,
			);
			defaultConfigurationIsVisible = 0;
			defaultConfigurationName = Debug;
		};
		EACF5B118C609758F6B8FC8B /* Build configuration list for PBXProject "COORBAssessment" */ = {
			isa = XCConfigurationList;
			buildConfigurations = (
				3356AE8FF46ED1474B706DCF /* Debug */,
				33CE4DEAFC5EBBF1E0532063 /* Release */,
			);
			defaultConfigurationIsVisible = 0;
			defaultConfigurationName = Debug;
		};
/* End XCConfigurationList section */
	};
	rootObject = 0B90D3E89098171143259C54 /* Project object */;
}
